$begin 'ConnectionParameters'
	DesktopProcessID=18508
	DesktopProcessPath='C:\\Program Files\\AnsysEM\\AnsysEM21.1\\Win64\\ansysedt.exe'
	LaunchedByWB=false
	$begin 'DesktopStubBlock'
		$begin 'CommDetails'
			TransportType=1
			IPAddress='192.168.29.40'
			ListenPort='56442'
		$end 'CommDetails'
		$begin 'Marshall'
			InstanceID=503
			ProcID=18508
			InterfaceID=1
			FactoryIntID='DesktopInterfaceForWBProxyStubFactory'
		$end 'Marshall'
	$end 'DesktopStubBlock'
	$begin 'DesktopBackgroundObjStubBlock'
		$begin 'CommDetails'
			TransportType=1
			IPAddress='192.168.29.40'
			ListenPort='56442'
		$end 'CommDetails'
		$begin 'Marshall'
			InstanceID=505
			ProcID=18508
			InterfaceID=2
			FactoryIntID='DesktopInterfaceForWBProxyStubFactory'
		$end 'Marshall'
	$end 'DesktopBackgroundObjStubBlock'
$end 'ConnectionParameters'
